<?xml version="1.0" encoding="utf-8"?>
<Project ToolsVersion="4.0" xmlns="http://schemas.microsoft.com/developer/msbuild/2003">
  <ItemGroup>
    <Filter Include="소스 파일">
      <UniqueIdentifier>{4FC737F1-C7A5-4376-A066-2A32D752A2FF}</UniqueIdentifier>
      <Extensions>cpp;c;cc;cxx;c++;cppm;ixx;def;odl;idl;hpj;bat;asm;asmx</Extensions>
    </Filter>
    <Filter Include="헤더 파일">
      <UniqueIdentifier>{93995380-89BD-4b04-88EB-625FBE52EBFB}</UniqueIdentifier>
      <Extensions>h;hh;hpp;hxx;h++;hm;inl;inc;ipp;xsd</Extensions>
    </Filter>
    <Filter Include="리소스 파일">
      <UniqueIdentifier>{67DA6AB6-F800-4c08-8B7A-83BB121AAD01}</UniqueIdentifier>
      <Extensions>rc;ico;cur;bmp;dlg;rc2;rct;bin;rgs;gif;jpg;jpeg;jpe;resx;tiff;tif;png;wav;mfcribbon-ms</Extensions>
    </Filter>
    <Filter Include="소스 파일\PointerExam">
      <UniqueIdentifier>{0a1bee6d-32c2-46af-85a8-a2351d4153b5}</UniqueIdentifier>
    </Filter>
    <Filter Include="소스 파일\Char_Array_String">
      <UniqueIdentifier>{1a6c0770-d9f0-4420-ba1b-1c8b0ee1dac1}</UniqueIdentifier>
    </Filter>
    <Filter Include="소스 파일\Structure_Type">
      <UniqueIdentifier>{cf7f7527-ee2c-40d1-a10d-4814ad569cbf}</UniqueIdentifier>
    </Filter>
    <Filter Include="소스 파일\Function">
      <UniqueIdentifier>{11100e3f-caf1-4c05-8178-6056531a178d}</UniqueIdentifier>
    </Filter>
  </ItemGroup>
  <ItemGroup>
    <ClCompile Include="HelloWorld.cpp">
      <Filter>소스 파일</Filter>
    </ClCompile>
    <ClCompile Include="CompletedNumbers.cpp">
      <Filter>소스 파일</Filter>
    </ClCompile>
    <ClCompile Include="BitShiftExam.cpp">
      <Filter>소스 파일</Filter>
    </ClCompile>
    <ClCompile Include="arrow.cpp">
      <Filter>소스 파일</Filter>
    </ClCompile>
    <ClCompile Include="PointerExam.cpp">
      <Filter>소스 파일\PointerExam</Filter>
    </ClCompile>
    <ClCompile Include="PointerArray.cpp">
      <Filter>소스 파일\PointerExam</Filter>
    </ClCompile>
    <ClCompile Include="DynamicAllocation.cpp">
      <Filter>소스 파일\PointerExam</Filter>
    </ClCompile>
    <ClCompile Include="Char_Array.cpp">
      <Filter>소스 파일\Char_Array_String</Filter>
    </ClCompile>
    <ClCompile Include="StringExam.cpp">
      <Filter>소스 파일\Char_Array_String</Filter>
    </ClCompile>
    <ClCompile Include="StringMethod.cpp">
      <Filter>소스 파일\Char_Array_String</Filter>
    </ClCompile>
    <ClCompile Include="StructType.cpp">
      <Filter>소스 파일\Structure_Type</Filter>
    </ClCompile>
    <ClCompile Include="StructExam.cpp">
      <Filter>소스 파일\Structure_Type</Filter>
    </ClCompile>
    <ClCompile Include="StructPointerExam.cpp">
      <Filter>소스 파일\Structure_Type</Filter>
    </ClCompile>
    <ClCompile Include="StructTypeSize.cpp">
      <Filter>소스 파일\Structure_Type</Filter>
    </ClCompile>
    <ClCompile Include="UnionExam.cpp">
      <Filter>소스 파일\Structure_Type</Filter>
    </ClCompile>
    <ClCompile Include="EnumTypeExam.cpp">
      <Filter>소스 파일\Structure_Type</Filter>
    </ClCompile>
    <ClCompile Include="PointerFunction.cpp">
      <Filter>소스 파일\Function</Filter>
    </ClCompile>
    <ClCompile Include="Recursive_Call.cpp">
      <Filter>소스 파일\Function</Filter>
    </ClCompile>
  </ItemGroup>
</Project>